
Microsoft Visual Studio Solution File, Format Version 12.00
# Visual Studio Version 17
VisualStudioVersion = 17.0.31903.59
MinimumVisualStudioVersion = 10.0.40219.1
Project("{2150E333-8FDC-42A3-9474-1A3956D46DE8}") = "src", "src", "{E9055E18-A8D6-4A30-AD0C-0C3A0F73B97D}"
EndProject
Project("{FAE04EC0-301F-11D3-BF4B-00C04F79EFBC}") = "Task", "src\Task\Task.csproj", "{93CB0D9F-8885-4C3F-BEF1-7F6300A4BFC3}"
EndProject
Global
	GlobalSection(SolutionConfigurationPlatforms) = preSolution
		Debug|Any CPU = Debug|Any CPU
		Release|Any CPU = Release|Any CPU
	EndGlobalSection
	GlobalSection(SolutionProperties) = preSolution
		HideSolutionNode = FALSE
	EndGlobalSection
	GlobalSection(ProjectConfigurationPlatforms) = postSolution
		{93CB0D9F-8885-4C3F-BEF1-7F6300A4BFC3}.Debug|Any CPU.ActiveCfg = Debug|Any CPU
		{93CB0D9F-8885-4C3F-BEF1-7F6300A4BFC3}.Debug|Any CPU.Build.0 = Debug|Any CPU
		{93CB0D9F-8885-4C3F-BEF1-7F6300A4BFC3}.Release|Any CPU.ActiveCfg = Release|Any CPU
		{93CB0D9F-8885-4C3F-BEF1-7F6300A4BFC3}.Release|Any CPU.Build.0 = Release|Any CPU
	EndGlobalSection
	GlobalSection(NestedProjects) = preSolution
		{93CB0D9F-8885-4C3F-BEF1-7F6300A4BFC3} = {E9055E18-A8D6-4A30-AD0C-0C3A0F73B97D}
	EndGlobalSection
EndGlobal
